
Microsoft Visual Studio Solution File, Format Version 12.00
# Visual Studio Version 16
VisualStudioVersion = 16.0.29728.190
MinimumVisualStudioVersion = 10.0.40219.1
Project("{FAE04EC0-301F-11D3-BF4B-00C04F79EFBC}") = "ApiGitHub", "ApiGitHub\ApiGitHub.csproj", "{9BACD2A3-CFC7-4A7F-8CF9-CF105AA04D7B}"
EndProject
Global
	GlobalSection(SolutionConfigurationPlatforms) = preSolution
		Debug|Any CPU = Debug|Any CPU
		Release|Any CPU = Release|Any CPU
	EndGlobalSection
	GlobalSection(ProjectConfigurationPlatforms) = postSolution
		{9BACD2A3-CFC7-4A7F-8CF9-CF105AA04D7B}.Debug|Any CPU.ActiveCfg = Debug|Any CPU
		{9BACD2A3-CFC7-4A7F-8CF9-CF105AA04D7B}.Debug|Any CPU.Build.0 = Debug|Any CPU
		{9BACD2A3-CFC7-4A7F-8CF9-CF105AA04D7B}.Release|Any CPU.ActiveCfg = Release|Any CPU
		{9BACD2A3-CFC7-4A7F-8CF9-CF105AA04D7B}.Release|Any CPU.Build.0 = Release|Any CPU
	EndGlobalSection
	GlobalSection(SolutionProperties) = preSolution
		HideSolutionNode = FALSE
	EndGlobalSection
	GlobalSection(ExtensibilityGlobals) = postSolution
		SolutionGuid = {C9DA1876-0EA7-41FE-A4A9-64F45028A97B}
	EndGlobalSection
EndGlobal
